// !$*UTF8*$!
{
	archiveVersion = 1;
	classes = {
	};
	objectVersion = 56;
	objects = {

/* Begin PBXBuildFile section */
		72F5368E2BA4C443009778A7 /* AppDelegate.swift in Sources */ = {isa = PBXBuildFile; fileRef = 72F5368D2BA4C443009778A7 /* AppDelegate.swift */; };
		72F536902BA4C443009778A7 /* SceneDelegate.swift in Sources */ = {isa = PBXBuildFile; fileRef = 72F5368F2BA4C443009778A7 /* SceneDelegate.swift */; };
		72F536922BA4C443009778A7 /* HomeView.swift in Sources */ = {isa = PBXBuildFile; fileRef = 72F536912BA4C443009778A7 /* HomeView.swift */; };
		72F536972BA4C445009778A7 /* Assets.xcassets in Resources */ = {isa = PBXBuildFile; fileRef = 72F536962BA4C445009778A7 /* Assets.xcassets */; };
		72F5369A2BA4C445009778A7 /* LaunchScreen.storyboard in Resources */ = {isa = PBXBuildFile; fileRef = 72F536982BA4C445009778A7 /* LaunchScreen.storyboard */; };
		72F536A62BA4C56D009778A7 /* Color.swift in Sources */ = {isa = PBXBuildFile; fileRef = 72F536A52BA4C56D009778A7 /* Color.swift */; };
		72F536A92BA4C6A1009778A7 /* Fonts.swift in Sources */ = {isa = PBXBuildFile; fileRef = 72F536A82BA4C6A1009778A7 /* Fonts.swift */; };
		72F536AB2BA4C6D6009778A7 /* Inter-Regular.ttf in Resources */ = {isa = PBXBuildFile; fileRef = 72F536AA2BA4C6D6009778A7 /* Inter-Regular.ttf */; };
		72F536AD2BA4C6E7009778A7 /* Inter-Bold.ttf in Resources */ = {isa = PBXBuildFile; fileRef = 72F536AC2BA4C6E7009778A7 /* Inter-Bold.ttf */; };
		72F536AF2BA4C6ED009778A7 /* Inter-Light.ttf in Resources */ = {isa = PBXBuildFile; fileRef = 72F536AE2BA4C6ED009778A7 /* Inter-Light.ttf */; };
		72F536B32BA56D63009778A7 /* MakerView.swift in Sources */ = {isa = PBXBuildFile; fileRef = 72F536B22BA56D63009778A7 /* MakerView.swift */; };
		72F536B52BA574E7009778A7 /* NoteCell.swift in Sources */ = {isa = PBXBuildFile; fileRef = 72F536B42BA574E7009778A7 /* NoteCell.swift */; };
		72F536B72BA57CDC009778A7 /* HomeController.swift in Sources */ = {isa = PBXBuildFile; fileRef = 72F536B62BA57CDC009778A7 /* HomeController.swift */; };
		72F536B92BA57CF5009778A7 /* HomeModel.swift in Sources */ = {isa = PBXBuildFile; fileRef = 72F536B82BA57CF5009778A7 /* HomeModel.swift */; };
		72F536BB2BA57FB7009778A7 /* NoteStructModel.swift in Sources */ = {isa = PBXBuildFile; fileRef = 72F536BA2BA57FB7009778A7 /* NoteStructModel.swift */; };
		72F536C02BA58557009778A7 /* SettingsView.swift in Sources */ = {isa = PBXBuildFile; fileRef = 72F536BF2BA58557009778A7 /* SettingsView.swift */; };
		72F536C42BA58782009778A7 /* SettingsCell.swift in Sources */ = {isa = PBXBuildFile; fileRef = 72F536C32BA58782009778A7 /* SettingsCell.swift */; };
		72F536C62BA591E5009778A7 /* SettingsStructModel.swift in Sources */ = {isa = PBXBuildFile; fileRef = 72F536C52BA591E5009778A7 /* SettingsStructModel.swift */; };
		72F536C82BA5929B009778A7 /* SettingsController.swift in Sources */ = {isa = PBXBuildFile; fileRef = 72F536C72BA5929B009778A7 /* SettingsController.swift */; };
		72F536CA2BA592C4009778A7 /* SettingsModel.swift in Sources */ = {isa = PBXBuildFile; fileRef = 72F536C92BA592C4009778A7 /* SettingsModel.swift */; };
		72F536CD2BAADB40009778A7 /* OnboardingView.swift in Sources */ = {isa = PBXBuildFile; fileRef = 72F536CC2BAADB40009778A7 /* OnboardingView.swift */; };
		72F536CF2BAADC32009778A7 /* OnboardingCell.swift in Sources */ = {isa = PBXBuildFile; fileRef = 72F536CE2BAADC32009778A7 /* OnboardingCell.swift */; };
		72F536D12BAAE51D009778A7 /* OnboardingController.swift in Sources */ = {isa = PBXBuildFile; fileRef = 72F536D02BAAE51D009778A7 /* OnboardingController.swift */; };
		72F536D32BAAE528009778A7 /* OnboardingModel.swift in Sources */ = {isa = PBXBuildFile; fileRef = 72F536D22BAAE528009778A7 /* OnboardingModel.swift */; };
		72F536D52BAAE537009778A7 /* OnboardingStructModel.swift in Sources */ = {isa = PBXBuildFile; fileRef = 72F536D42BAAE537009778A7 /* OnboardingStructModel.swift */; };
/* End PBXBuildFile section */

/* Begin PBXFileReference section */
		72F5368A2BA4C443009778A7 /* NoteApp.app */ = {isa = PBXFileReference; explicitFileType = wrapper.application; includeInIndex = 0; path = NoteApp.app; sourceTree = BUILT_PRODUCTS_DIR; };
		72F5368D2BA4C443009778A7 /* AppDelegate.swift */ = {isa = PBXFileReference; lastKnownFileType = sourcecode.swift; path = AppDelegate.swift; sourceTree = "<group>"; };
		72F5368F2BA4C443009778A7 /* SceneDelegate.swift */ = {isa = PBXFileReference; lastKnownFileType = sourcecode.swift; path = SceneDelegate.swift; sourceTree = "<group>"; };
		72F536912BA4C443009778A7 /* HomeView.swift */ = {isa = PBXFileReference; lastKnownFileType = sourcecode.swift; path = HomeView.swift; sourceTree = "<group>"; };
		72F536962BA4C445009778A7 /* Assets.xcassets */ = {isa = PBXFileReference; lastKnownFileType = folder.assetcatalog; path = Assets.xcassets; sourceTree = "<group>"; };
		72F536992BA4C445009778A7 /* Base */ = {isa = PBXFileReference; lastKnownFileType = file.storyboard; name = Base; path = Base.lproj/LaunchScreen.storyboard; sourceTree = "<group>"; };
		72F5369B2BA4C445009778A7 /* Info.plist */ = {isa = PBXFileReference; lastKnownFileType = text.plist.xml; path = Info.plist; sourceTree = "<group>"; };
		72F536A52BA4C56D009778A7 /* Color.swift */ = {isa = PBXFileReference; lastKnownFileType = sourcecode.swift; path = Color.swift; sourceTree = "<group>"; };
		72F536A82BA4C6A1009778A7 /* Fonts.swift */ = {isa = PBXFileReference; lastKnownFileType = sourcecode.swift; path = Fonts.swift; sourceTree = "<group>"; };
		72F536AA2BA4C6D6009778A7 /* Inter-Regular.ttf */ = {isa = PBXFileReference; lastKnownFileType = file; name = "Inter-Regular.ttf"; path = "../../../../../Downloads/Inter/static/Inter-Regular.ttf"; sourceTree = "<group>"; };
		72F536AC2BA4C6E7009778A7 /* Inter-Bold.ttf */ = {isa = PBXFileReference; lastKnownFileType = file; name = "Inter-Bold.ttf"; path = "../../../../../Downloads/Inter/static/Inter-Bold.ttf"; sourceTree = "<group>"; };
		72F536AE2BA4C6ED009778A7 /* Inter-Light.ttf */ = {isa = PBXFileReference; lastKnownFileType = file; name = "Inter-Light.ttf"; path = "../../../../../Downloads/Inter/static/Inter-Light.ttf"; sourceTree = "<group>"; };
		72F536B22BA56D63009778A7 /* MakerView.swift */ = {isa = PBXFileReference; lastKnownFileType = sourcecode.swift; path = MakerView.swift; sourceTree = "<group>"; };
		72F536B42BA574E7009778A7 /* NoteCell.swift */ = {isa = PBXFileReference; lastKnownFileType = sourcecode.swift; path = NoteCell.swift; sourceTree = "<group>"; };
		72F536B62BA57CDC009778A7 /* HomeController.swift */ = {isa = PBXFileReference; lastKnownFileType = sourcecode.swift; path = HomeController.swift; sourceTree = "<group>"; };
		72F536B82BA57CF5009778A7 /* HomeModel.swift */ = {isa = PBXFileReference; lastKnownFileType = sourcecode.swift; path = HomeModel.swift; sourceTree = "<group>"; };
		72F536BA2BA57FB7009778A7 /* NoteStructModel.swift */ = {isa = PBXFileReference; lastKnownFileType = sourcecode.swift; path = NoteStructModel.swift; sourceTree = "<group>"; };
		72F536BF2BA58557009778A7 /* SettingsView.swift */ = {isa = PBXFileReference; lastKnownFileType = sourcecode.swift; path = SettingsView.swift; sourceTree = "<group>"; };
		72F536C32BA58782009778A7 /* SettingsCell.swift */ = {isa = PBXFileReference; lastKnownFileType = sourcecode.swift; path = SettingsCell.swift; sourceTree = "<group>"; };
		72F536C52BA591E5009778A7 /* SettingsStructModel.swift */ = {isa = PBXFileReference; lastKnownFileType = sourcecode.swift; path = SettingsStructModel.swift; sourceTree = "<group>"; };
		72F536C72BA5929B009778A7 /* SettingsController.swift */ = {isa = PBXFileReference; lastKnownFileType = sourcecode.swift; path = SettingsController.swift; sourceTree = "<group>"; };
		72F536C92BA592C4009778A7 /* SettingsModel.swift */ = {isa = PBXFileReference; lastKnownFileType = sourcecode.swift; path = SettingsModel.swift; sourceTree = "<group>"; };
		72F536CC2BAADB40009778A7 /* OnboardingView.swift */ = {isa = PBXFileReference; lastKnownFileType = sourcecode.swift; path = OnboardingView.swift; sourceTree = "<group>"; };
		72F536CE2BAADC32009778A7 /* OnboardingCell.swift */ = {isa = PBXFileReference; lastKnownFileType = sourcecode.swift; path = OnboardingCell.swift; sourceTree = "<group>"; };
		72F536D02BAAE51D009778A7 /* OnboardingController.swift */ = {isa = PBXFileReference; lastKnownFileType = sourcecode.swift; path = OnboardingController.swift; sourceTree = "<group>"; };
		72F536D22BAAE528009778A7 /* OnboardingModel.swift */ = {isa = PBXFileReference; lastKnownFileType = sourcecode.swift; path = OnboardingModel.swift; sourceTree = "<group>"; };
		72F536D42BAAE537009778A7 /* OnboardingStructModel.swift */ = {isa = PBXFileReference; lastKnownFileType = sourcecode.swift; path = OnboardingStructModel.swift; sourceTree = "<group>"; };
/* End PBXFileReference section */

/* Begin PBXFrameworksBuildPhase section */
		72F536872BA4C443009778A7 /* Frameworks */ = {
			isa = PBXFrameworksBuildPhase;
			buildActionMask = 2147483647;
			files = (
			);
			runOnlyForDeploymentPostprocessing = 0;
		};
/* End PBXFrameworksBuildPhase section */

/* Begin PBXGroup section */
		72F536812BA4C443009778A7 = {
			isa = PBXGroup;
			children = (
				72F5368C2BA4C443009778A7 /* NoteApp */,
				72F5368B2BA4C443009778A7 /* Products */,
			);
			sourceTree = "<group>";
		};
		72F5368B2BA4C443009778A7 /* Products */ = {
			isa = PBXGroup;
			children = (
				72F5368A2BA4C443009778A7 /* NoteApp.app */,
			);
			name = Products;
			sourceTree = "<group>";
		};
		72F5368C2BA4C443009778A7 /* NoteApp */ = {
			isa = PBXGroup;
			children = (
				72F536B12BA56D52009778A7 /* Helpers */,
				72F536A12BA4C4DE009778A7 /* AppDelegate */,
				72F536A22BA4C50E009778A7 /* Controllers */,
				72F536A32BA4C550009778A7 /* Resources */,
				72F536982BA4C445009778A7 /* LaunchScreen.storyboard */,
				72F5369B2BA4C445009778A7 /* Info.plist */,
			);
			path = NoteApp;
			sourceTree = "<group>";
		};
		72F536A12BA4C4DE009778A7 /* AppDelegate */ = {
			isa = PBXGroup;
			children = (
				72F5368D2BA4C443009778A7 /* AppDelegate.swift */,
				72F5368F2BA4C443009778A7 /* SceneDelegate.swift */,
			);
			path = AppDelegate;
			sourceTree = "<group>";
		};
		72F536A22BA4C50E009778A7 /* Controllers */ = {
			isa = PBXGroup;
			children = (
				72F536CB2BAADA54009778A7 /* Onboarding */,
				72F536B02BA56D1A009778A7 /* Home */,
				72F536BC2BA584E6009778A7 /* Settings */,
			);
			path = Controllers;
			sourceTree = "<group>";
		};
		72F536A32BA4C550009778A7 /* Resources */ = {
			isa = PBXGroup;
			children = (
				72F536A42BA4C563009778A7 /* Color */,
				72F536A72BA4C5EA009778A7 /* Fonts */,
				72F536962BA4C445009778A7 /* Assets.xcassets */,
			);
			path = Resources;
			sourceTree = "<group>";
		};
		72F536A42BA4C563009778A7 /* Color */ = {
			isa = PBXGroup;
			children = (
				72F536A52BA4C56D009778A7 /* Color.swift */,
			);
			path = Color;
			sourceTree = "<group>";
		};
		72F536A72BA4C5EA009778A7 /* Fonts */ = {
			isa = PBXGroup;
			children = (
				72F536A82BA4C6A1009778A7 /* Fonts.swift */,
				72F536AA2BA4C6D6009778A7 /* Inter-Regular.ttf */,
				72F536AC2BA4C6E7009778A7 /* Inter-Bold.ttf */,
				72F536AE2BA4C6ED009778A7 /* Inter-Light.ttf */,
			);
			path = Fonts;
			sourceTree = "<group>";
		};
		72F536B02BA56D1A009778A7 /* Home */ = {
			isa = PBXGroup;
			children = (
				72F536B42BA574E7009778A7 /* NoteCell.swift */,
				72F536912BA4C443009778A7 /* HomeView.swift */,
				72F536B62BA57CDC009778A7 /* HomeController.swift */,
				72F536B82BA57CF5009778A7 /* HomeModel.swift */,
				72F536BA2BA57FB7009778A7 /* NoteStructModel.swift */,
			);
			path = Home;
			sourceTree = "<group>";
		};
		72F536B12BA56D52009778A7 /* Helpers */ = {
			isa = PBXGroup;
			children = (
				72F536B22BA56D63009778A7 /* MakerView.swift */,
			);
			path = Helpers;
			sourceTree = "<group>";
		};
		72F536BC2BA584E6009778A7 /* Settings */ = {
			isa = PBXGroup;
			children = (
				72F536C32BA58782009778A7 /* SettingsCell.swift */,
				72F536BF2BA58557009778A7 /* SettingsView.swift */,
				72F536C72BA5929B009778A7 /* SettingsController.swift */,
				72F536C92BA592C4009778A7 /* SettingsModel.swift */,
				72F536C52BA591E5009778A7 /* SettingsStructModel.swift */,
			);
			path = Settings;
			sourceTree = "<group>";
		};
		72F536CB2BAADA54009778A7 /* Onboarding */ = {
			isa = PBXGroup;
			children = (
				72F536CE2BAADC32009778A7 /* OnboardingCell.swift */,
				72F536CC2BAADB40009778A7 /* OnboardingView.swift */,
				72F536D02BAAE51D009778A7 /* OnboardingController.swift */,
				72F536D22BAAE528009778A7 /* OnboardingModel.swift */,
				72F536D42BAAE537009778A7 /* OnboardingStructModel.swift */,
			);
			path = Onboarding;
			sourceTree = "<group>";
		};
/* End PBXGroup section */

/* Begin PBXNativeTarget section */
		72F536892BA4C443009778A7 /* NoteApp */ = {
			isa = PBXNativeTarget;
			buildConfigurationList = 72F5369E2BA4C445009778A7 /* Build configuration list for PBXNativeTarget "NoteApp" */;
			buildPhases = (
				72F536862BA4C443009778A7 /* Sources */,
				72F536872BA4C443009778A7 /* Frameworks */,
				72F536882BA4C443009778A7 /* Resources */,
			);
			buildRules = (
			);
			dependencies = (
			);
			name = NoteApp;
			productName = NoteApp;
			productReference = 72F5368A2BA4C443009778A7 /* NoteApp.app */;
			productType = "com.apple.product-type.application";
		};
/* End PBXNativeTarget section */

/* Begin PBXProject section */
		72F536822BA4C443009778A7 /* Project object */ = {
			isa = PBXProject;
			attributes = {
				BuildIndependentTargetsInParallel = 1;
				LastSwiftUpdateCheck = 1520;
				LastUpgradeCheck = 1520;
				TargetAttributes = {
					72F536892BA4C443009778A7 = {
						CreatedOnToolsVersion = 15.2;
					};
				};
			};
			buildConfigurationList = 72F536852BA4C443009778A7 /* Build configuration list for PBXProject "NoteApp" */;
			compatibilityVersion = "Xcode 14.0";
			developmentRegion = en;
			hasScannedForEncodings = 0;
			knownRegions = (
				en,
				Base,
			);
			mainGroup = 72F536812BA4C443009778A7;
			productRefGroup = 72F5368B2BA4C443009778A7 /* Products */;
			projectDirPath = "";
			projectRoot = "";
			targets = (
				72F536892BA4C443009778A7 /* NoteApp */,
			);
		};
/* End PBXProject section */

/* Begin PBXResourcesBuildPhase section */
		72F536882BA4C443009778A7 /* Resources */ = {
			isa = PBXResourcesBuildPhase;
			buildActionMask = 2147483647;
			files = (
				72F536AF2BA4C6ED009778A7 /* Inter-Light.ttf in Resources */,
				72F5369A2BA4C445009778A7 /* LaunchScreen.storyboard in Resources */,
				72F536AB2BA4C6D6009778A7 /* Inter-Regular.ttf in Resources */,
				72F536AD2BA4C6E7009778A7 /* Inter-Bold.ttf in Resources */,
				72F536972BA4C445009778A7 /* Assets.xcassets in Resources */,
			);
			runOnlyForDeploymentPostprocessing = 0;
		};
/* End PBXResourcesBuildPhase section */

/* Begin PBXSourcesBuildPhase section */
		72F536862BA4C443009778A7 /* Sources */ = {
			isa = PBXSourcesBuildPhase;
			buildActionMask = 2147483647;
			files = (
				72F536CF2BAADC32009778A7 /* OnboardingCell.swift in Sources */,
				72F536922BA4C443009778A7 /* HomeView.swift in Sources */,
				72F536C62BA591E5009778A7 /* SettingsStructModel.swift in Sources */,
				72F536B32BA56D63009778A7 /* MakerView.swift in Sources */,
				72F536C42BA58782009778A7 /* SettingsCell.swift in Sources */,
				72F536B92BA57CF5009778A7 /* HomeModel.swift in Sources */,
				72F536A92BA4C6A1009778A7 /* Fonts.swift in Sources */,
				72F536D32BAAE528009778A7 /* OnboardingModel.swift in Sources */,
				72F536CA2BA592C4009778A7 /* SettingsModel.swift in Sources */,
				72F536D12BAAE51D009778A7 /* OnboardingController.swift in Sources */,
				72F536A62BA4C56D009778A7 /* Color.swift in Sources */,
				72F536BB2BA57FB7009778A7 /* NoteStructModel.swift in Sources */,
				72F536B72BA57CDC009778A7 /* HomeController.swift in Sources */,
				72F5368E2BA4C443009778A7 /* AppDelegate.swift in Sources */,
				72F536C82BA5929B009778A7 /* SettingsController.swift in Sources */,
				72F536D52BAAE537009778A7 /* OnboardingStructModel.swift in Sources */,
				72F536B52BA574E7009778A7 /* NoteCell.swift in Sources */,
				72F536CD2BAADB40009778A7 /* OnboardingView.swift in Sources */,
				72F536902BA4C443009778A7 /* SceneDelegate.swift in Sources */,
				72F536C02BA58557009778A7 /* SettingsView.swift in Sources */,
			);
			runOnlyForDeploymentPostprocessing = 0;
		};
/* End PBXSourcesBuildPhase section */

/* Begin PBXVariantGroup section */
		72F536982BA4C445009778A7 /* LaunchScreen.storyboard */ = {
			isa = PBXVariantGroup;
			children = (
				72F536992BA4C445009778A7 /* Base */,
			);
			name = LaunchScreen.storyboard;
			sourceTree = "<group>";
		};
/* End PBXVariantGroup section */

/* Begin XCBuildConfiguration section */
		72F5369C2BA4C445009778A7 /* Debug */ = {
			isa = XCBuildConfiguration;
			buildSettings = {
				ALWAYS_SEARCH_USER_PATHS = NO;
				ASSETCATALOG_COMPILER_GENERATE_SWIFT_ASSET_SYMBOL_EXTENSIONS = YES;
				CLANG_ANALYZER_NONNULL = YES;
				CLANG_ANALYZER_NUMBER_OBJECT_CONVERSION = YES_AGGRESSIVE;
				CLANG_CXX_LANGUAGE_STANDARD = "gnu++20";
				CLANG_ENABLE_MODULES = YES;
				CLANG_ENABLE_OBJC_ARC = YES;
				CLANG_ENABLE_OBJC_WEAK = YES;
				CLANG_WARN_BLOCK_CAPTURE_AUTORELEASING = YES;
				CLANG_WARN_BOOL_CONVERSION = YES;
				CLANG_WARN_COMMA = YES;
				CLANG_WARN_CONSTANT_CONVERSION = YES;
				CLANG_WARN_DEPRECATED_OBJC_IMPLEMENTATIONS = YES;
				CLANG_WARN_DIRECT_OBJC_ISA_USAGE = YES_ERROR;
				CLANG_WARN_DOCUMENTATION_COMMENTS = YES;
				CLANG_WARN_EMPTY_BODY = YES;
				CLANG_WARN_ENUM_CONVERSION = YES;
				CLANG_WARN_INFINITE_RECURSION = YES;
				CLANG_WARN_INT_CONVERSION = YES;
				CLANG_WARN_NON_LITERAL_NULL_CONVERSION = YES;
				CLANG_WARN_OBJC_IMPLICIT_RETAIN_SELF = YES;
				CLANG_WARN_OBJC_LITERAL_CONVERSION = YES;
				CLANG_WARN_OBJC_ROOT_CLASS = YES_ERROR;
				CLANG_WARN_QUOTED_INCLUDE_IN_FRAMEWORK_HEADER = YES;
				CLANG_WARN_RANGE_LOOP_ANALYSIS = YES;
				CLANG_WARN_STRICT_PROTOTYPES = YES;
				CLANG_WARN_SUSPICIOUS_MOVE = YES;
				CLANG_WARN_UNGUARDED_AVAILABILITY = YES_AGGRESSIVE;
				CLANG_WARN_UNREACHABLE_CODE = YES;
				CLANG_WARN__DUPLICATE_METHOD_MATCH = YES;
				COPY_PHASE_STRIP = NO;
				DEBUG_INFORMATION_FORMAT = dwarf;
				ENABLE_STRICT_OBJC_MSGSEND = YES;
				ENABLE_TESTABILITY = YES;
				ENABLE_USER_SCRIPT_SANDBOXING = YES;
				GCC_C_LANGUAGE_STANDARD = gnu17;
				GCC_DYNAMIC_NO_PIC = NO;
				GCC_NO_COMMON_BLOCKS = YES;
				GCC_OPTIMIZATION_LEVEL = 0;
				GCC_PREPROCESSOR_DEFINITIONS = (
					"DEBUG=1",
					"$(inherited)",
				);
				GCC_WARN_64_TO_32_BIT_CONVERSION = YES;
				GCC_WARN_ABOUT_RETURN_TYPE = YES_ERROR;
				GCC_WARN_UNDECLARED_SELECTOR = YES;
				GCC_WARN_UNINITIALIZED_AUTOS = YES_AGGRESSIVE;
				GCC_WARN_UNUSED_FUNCTION = YES;
				GCC_WARN_UNUSED_VARIABLE = YES;
				IPHONEOS_DEPLOYMENT_TARGET = 17.2;
				LOCALIZATION_PREFERS_STRING_CATALOGS = YES;
				MTL_ENABLE_DEBUG_INFO = INCLUDE_SOURCE;
				MTL_FAST_MATH = YES;
				ONLY_ACTIVE_ARCH = YES;
				SDKROOT = iphoneos;
				SWIFT_ACTIVE_COMPILATION_CONDITIONS = "DEBUG $(inherited)";
				SWIFT_OPTIMIZATION_LEVEL = "-Onone";
			};
			name = Debug;
		};
		72F5369D2BA4C445009778A7 /* Release */ = {
			isa = XCBuildConfiguration;
			buildSettings = {
				ALWAYS_SEARCH_USER_PATHS = NO;
				ASSETCATALOG_COMPILER_GENERATE_SWIFT_ASSET_SYMBOL_EXTENSIONS = YES;
				CLANG_ANALYZER_NONNULL = YES;
				CLANG_ANALYZER_NUMBER_OBJECT_CONVERSION = YES_AGGRESSIVE;
				CLANG_CXX_LANGUAGE_STANDARD = "gnu++20";
				CLANG_ENABLE_MODULES = YES;
				CLANG_ENABLE_OBJC_ARC = YES;
				CLANG_ENABLE_OBJC_WEAK = YES;
				CLANG_WARN_BLOCK_CAPTURE_AUTORELEASING = YES;
				CLANG_WARN_BOOL_CONVERSION = YES;
				CLANG_WARN_COMMA = YES;
				CLANG_WARN_CONSTANT_CONVERSION = YES;
				CLANG_WARN_DEPRECATED_OBJC_IMPLEMENTATIONS = YES;
				CLANG_WARN_DIRECT_OBJC_ISA_USAGE = YES_ERROR;
				CLANG_WARN_DOCUMENTATION_COMMENTS = YES;
				CLANG_WARN_EMPTY_BODY = YES;
				CLANG_WARN_ENUM_CONVERSION = YES;
				CLANG_WARN_INFINITE_RECURSION = YES;
				CLANG_WARN_INT_CONVERSION = YES;
				CLANG_WARN_NON_LITERAL_NULL_CONVERSION = YES;
				CLANG_WARN_OBJC_IMPLICIT_RETAIN_SELF = YES;
				CLANG_WARN_OBJC_LITERAL_CONVERSION = YES;
				CLANG_WARN_OBJC_ROOT_CLASS = YES_ERROR;
				CLANG_WARN_QUOTED_INCLUDE_IN_FRAMEWORK_HEADER = YES;
				CLANG_WARN_RANGE_LOOP_ANALYSIS = YES;
				CLANG_WARN_STRICT_PROTOTYPES = YES;
				CLANG_WARN_SUSPICIOUS_MOVE = YES;
				CLANG_WARN_UNGUARDED_AVAILABILITY = YES_AGGRESSIVE;
				CLANG_WARN_UNREACHABLE_CODE = YES;
				CLANG_WARN__DUPLICATE_METHOD_MATCH = YES;
				COPY_PHASE_STRIP = NO;
				DEBUG_INFORMATION_FORMAT = "dwarf-with-dsym";
				ENABLE_NS_ASSERTIONS = NO;
				ENABLE_STRICT_OBJC_MSGSEND = YES;
				ENABLE_USER_SCRIPT_SANDBOXING = YES;
				GCC_C_LANGUAGE_STANDARD = gnu17;
				GCC_NO_COMMON_BLOCKS = YES;
				GCC_WARN_64_TO_32_BIT_CONVERSION = YES;
				GCC_WARN_ABOUT_RETURN_TYPE = YES_ERROR;
				GCC_WARN_UNDECLARED_SELECTOR = YES;
				GCC_WARN_UNINITIALIZED_AUTOS = YES_AGGRESSIVE;
				GCC_WARN_UNUSED_FUNCTION = YES;
				GCC_WARN_UNUSED_VARIABLE = YES;
				IPHONEOS_DEPLOYMENT_TARGET = 17.2;
				LOCALIZATION_PREFERS_STRING_CATALOGS = YES;
				MTL_ENABLE_DEBUG_INFO = NO;
				MTL_FAST_MATH = YES;
				SDKROOT = iphoneos;
				SWIFT_COMPILATION_MODE = wholemodule;
				VALIDATE_PRODUCT = YES;
			};
			name = Release;
		};
		72F5369F2BA4C445009778A7 /* Debug */ = {
			isa = XCBuildConfiguration;
			buildSettings = {
				ASSETCATALOG_COMPILER_APPICON_NAME = AppIcon;
				ASSETCATALOG_COMPILER_GLOBAL_ACCENT_COLOR_NAME = AccentColor;
				CODE_SIGN_STYLE = Automatic;
				CURRENT_PROJECT_VERSION = 1;
				DEVELOPMENT_TEAM = 2VCHNMLR8N;
				GENERATE_INFOPLIST_FILE = YES;
				INFOPLIST_FILE = NoteApp/Info.plist;
				INFOPLIST_KEY_UIApplicationSupportsIndirectInputEvents = YES;
				INFOPLIST_KEY_UILaunchStoryboardName = LaunchScreen;
				INFOPLIST_KEY_UISupportedInterfaceOrientations_iPad = "UIInterfaceOrientationPortrait UIInterfaceOrientationPortraitUpsideDown UIInterfaceOrientationLandscapeLeft UIInterfaceOrientationLandscapeRight";
				INFOPLIST_KEY_UISupportedInterfaceOrientations_iPhone = "UIInterfaceOrientationPortrait UIInterfaceOrientationLandscapeLeft UIInterfaceOrientationLandscapeRight";
				LD_RUNPATH_SEARCH_PATHS = (
					"$(inherited)",
					"@executable_path/Frameworks",
				);
				MARKETING_VERSION = 1.0;
				PRODUCT_BUNDLE_IDENTIFIER = com.telegey.NoteApp;
				PRODUCT_NAME = "$(TARGET_NAME)";
				SWIFT_EMIT_LOC_STRINGS = YES;
				SWIFT_VERSION = 5.0;
				TARGETED_DEVICE_FAMILY = "1,2";
			};
			name = Debug;
		};
		72F536A02BA4C445009778A7 /* Release */ = {
			isa = XCBuildConfiguration;
			buildSettings = {
				ASSETCATALOG_COMPILER_APPICON_NAME = AppIcon;
				ASSETCATALOG_COMPILER_GLOBAL_ACCENT_COLOR_NAME = AccentColor;
				CODE_SIGN_STYLE = Automatic;
				CURRENT_PROJECT_VERSION = 1;
				DEVELOPMENT_TEAM = 2VCHNMLR8N;
				GENERATE_INFOPLIST_FILE = YES;
				INFOPLIST_FILE = NoteApp/Info.plist;
				INFOPLIST_KEY_UIApplicationSupportsIndirectInputEvents = YES;
				INFOPLIST_KEY_UILaunchStoryboardName = LaunchScreen;
				INFOPLIST_KEY_UISupportedInterfaceOrientations_iPad = "UIInterfaceOrientationPortrait UIInterfaceOrientationPortraitUpsideDown UIInterfaceOrientationLandscapeLeft UIInterfaceOrientationLandscapeRight";
				INFOPLIST_KEY_UISupportedInterfaceOrientations_iPhone = "UIInterfaceOrientationPortrait UIInterfaceOrientationLandscapeLeft UIInterfaceOrientationLandscapeRight";
				LD_RUNPATH_SEARCH_PATHS = (
					"$(inherited)",
					"@executable_path/Frameworks",
				);
				MARKETING_VERSION = 1.0;
				PRODUCT_BUNDLE_IDENTIFIER = com.telegey.NoteApp;
				PRODUCT_NAME = "$(TARGET_NAME)";
				SWIFT_EMIT_LOC_STRINGS = YES;
				SWIFT_VERSION = 5.0;
				TARGETED_DEVICE_FAMILY = "1,2";
			};
			name = Release;
		};
/* End XCBuildConfiguration section */

/* Begin XCConfigurationList section */
		72F536852BA4C443009778A7 /* Build configuration list for PBXProject "NoteApp" */ = {
			isa = XCConfigurationList;
			buildConfigurations = (
				72F5369C2BA4C445009778A7 /* Debug */,
				72F5369D2BA4C445009778A7 /* Release */,
			);
			defaultConfigurationIsVisible = 0;
			defaultConfigurationName = Release;
		};
		72F5369E2BA4C445009778A7 /* Build configuration list for PBXNativeTarget "NoteApp" */ = {
			isa = XCConfigurationList;
			buildConfigurations = (
				72F5369F2BA4C445009778A7 /* Debug */,
				72F536A02BA4C445009778A7 /* Release */,
			);
			defaultConfigurationIsVisible = 0;
			defaultConfigurationName = Release;
		};
/* End XCConfigurationList section */
	};
	rootObject = 72F536822BA4C443009778A7 /* Project object */;
}
